lock      990916452  6  6 c   c     f     -          641   30    0 
lock      990916496  6  5 f   -     -     -          611    0    0 
lock      990916529  5  3 f   -     -     -          611    0    0 
lock      990916567  5  2 Bk  k     k     f          611   10    0 
lock      990916603  5  1 Bf  -     -     -          601    5    0 
lock      990916625  6  6 c   k     k     k          596   10   30 Td Qs
lock      990916684  5  4 c   k     k     k          616   10   50 2c 6c
lock      990916713  5  3 f   -     -     -          656    0    0 
lock      990916734  5  2 Bk  k     k     kc         656   30    0 7h 3c
lock      990916760  4  1 Bf  -     -     -          626    5    0 
lock      990916783  5  4 f   -     -     -          621    0    0 
lock      990916803  6  3 f   -     -     -          621    0    0 
lock      990916826  6  2 Bk  k     k     k          621   10    0 7d Qs
lock      990916850  6  1 Bc  kc    k     kc         611   60    0 Qd 7d
lock      990916881  6  6 cc  c     c     c          551   90    0 Th 8d
lock      990916919  6  5 cc  kc    kc    k          461   50  215 3d Jd
lock      990916972  6  5 cc  c     c     c          626   70  200 Td Ac
lock      990917010  5  4 cc  kf    -     -          756   20    0 
lock      990917031  4  2 Bf  -     -     -          736   10    0 
lock      990917054  4  1 Bf  -     -     -          726    5    0 
lock      990917075  4  4 cc  k     c     k          721   40  100 9d 6h
lock      990917098  4  3 f   -     -     -          781    0    0 
lock      990917138  4  2 Bc  k     k     k          781   20   60 7s Qc
lock      990917168  4  1 Bcc kc    kc    kc         821  100  150 Kh Th
lock      990917213  4  4 cc  c     c     c          871   70  190 Jc Kh
lock      990917259  4  3 f   -     -     -          991    0    0 
lock      990917326  4  2 Bf  -     -     -          991   10    0 
lock      990917359  6  1 Bf  -     -     -          981    5    0 
lock      990917407  6  6 KQ  -     -     -          976    0    0 
