lock      984345407  8  3 f   -     -     -          940    0    0 
lock      984345474  7  2 Bk  kf    -     -          940   10    0 
lock      984345527  8  1 Bc  k     kf    -          930   10    0 
lock      984345585  9  8 f   -     -     -          920    0    0 
lock      984345620  9  7 c   k     k     k          920   10    0 Tc Kd
lock      984345660  9  6 c   c     c     k          910   50  170 Ad 8d
lock      984345730  9  5 c   kc    kc    kc        1030   60    0 Js Jh
lock      984345805 10  4 f   -     -     -          970    0    0 
lock      984345873  9  2 KQ  -     -     -          970    0    0 
lock      984367645  7  4 c   k     k     Q         1305   10    0 
lock      984372614  6  5 c   k     c     c         1285   50    0 8s 8d
lock      984372671  6  4 c   f     -     -         1235   10    0 
lock      984372717  6  3 c   c     c     cc        1225  120    0 Jh Kh
lock      984372789  6  2 Bc  bc    kc    k         1105   60    0 Ah 7c
lock      984372847  6  1 Bc  kf    -     -         1045   10    0 
lock      984372919  6  6 KQ  -     -     -         1035    0    0 
lock      984465416  7  7 f   -     -     -         1035    0    0 
lock      984465470  6  5 f   -     -     -         1035    0    0 
lock      984465496  6  4 f   -     -     -         1035    0    0 
lock      984465541  5  2 Bk  kc    kf    -         1035   20    0 
lock      984465595  6  1 Bc  k     kc    kc        1015   50    0 8s 7h
lock      984465656  7  7 c   f     -     -          965   10    0 
lock      984465696  7  6 cc  kc    c     f          955   50    0 
lock      984465751  7  5 f   -     -     -          905    0    0 
lock      984465795  7  4 f   -     -     -          905    0    0 
lock      984465843  6  2 Bk  kf    -     -          905   10    0 
lock      984465883  6  1 Bf  -     -     -          895    5    0 
lock      984465917  6  6 f   -     -     -          890    0    0 
lock      984465952  6  5 c   kf    -     -          890   10    0 
lock      984465990  6  3 f   -     -     -          880    0    0 
lock      984466040  6  2 Bc  kc    kf    -          880   30    0 
lock      984466086  6  1 Bcc k     k     kc         850   40  100 7h Ah
lock      984466151  6  6 f   -     -     -          910    0    0 
lock      984466181  6  5 f   -     -     -          910    0    0 
lock      984466240  6  4 f   -     -     -          910    0    0 
lock      984466309  7  4 f   -     -     -          910    0    0 
lock      984466383  6  2 f   -     -     -          910    0    0 
lock      984466492  6  2 Bk  kc    kc    kc         910   70    0 5d 5c
lock      984466591  8  1 Bf  -     -     -          840    5    0 
lock      984466650  9  9 c   c     c     c          835   60    0 8c 6c
lock      984466731  9  8 c   c     f     -          775   20    0 
lock      984466786 10  8 c   kc    c     kc         755   60  190 5s 5h
lock      984466848 10  7 f   -     -     -          885    0    0 
lock      984466913 10  6 c   kc    kc    kc         885   60    0 6h 6d
lock      984467006 10  5 f   -     -     -          825    0    0 
lock      984467115 10  4 c   kc    kc    kc         825   80    0 8s Ks
lock      984467227  9  2 c   kc    kc    kc         745   60  220 Kc Jd
lock      984467303  9  2 Bk  k     kc    k          905   30   90 Qc Js
lock      984467372  9  1 Bf  -     -     -          965    5    0 
lock      984467441  9  9 f   -     -     -          960    0    0 
lock      984467571  9  8 f   -     -     -          960    0    0 
lock      984467623  9  7 f   -     -     -          960    0    0 
lock      984467721  8  5 f   -     -     -          960    0    0 
lock      984467766  7  3 cc  k     k     f          960   20    0 
lock      984467836  8  2 Bf  -     -     -          940   10    0 
lock      984467863  8  1 Bcc k     kc    kc         930   60    0 8h Jd
lock      984468008  8  8 f   -     -     -          870    0    0 
lock      984468082  9  8 c   k     c     c          870   50  140 2h Ah
lock      984468181  9  7 cc  kc    cc    kc         960   90    0 7s 8s
lock      984468284 10  6 cc  ccc   c     c          870  120    0 3c Jc
lock      984468379  9  4 c   k     kf    -          750   10    0 
lock      984468456  9  3 cc  kf    -     -          740   20    0 
lock      984468528  9  2 Bk  fQ    -     -          720   10    0 
lock      984733709  6  5 c   k     k     k          470   10   20 5c 8h
lock      984733745  6  4 cc  k     f     -          480   20    0 
lock      984733796  6  3 c   k     k     kf         460   10    0 
lock      984733838  6  2 Bk  k     k     kc         450   30   80 7s Td
lock      984733891  6  1 Bc  kc    kc    k          500   40  120 Qd Jh
lock      984733952  6  6 f   -     -     -          580    0    0 
lock      984734023  5  5 c   cc    c     c          580   80    0 Ks 9s
lock      984734118  5  4 f   -     -     -          500    0    0 
lock      984734143  5  3 cc  ccc   f     -          500   60    0 
lock      984734195  5  2 Bk  k     k     k          440   10   25 4d 6c
lock      984734218  5  1 Bc  k     kcc   kcc        455  180    0 Ks 7h
lock      984734266  5  5 c   c     k     c          275   50    0 5s 5h
lock      984734300  5  4 c   k     k     k          225   10    0 5s 4c
lock      984734318  5  3 c   c     c     k          215   40    0 Ah Jc
lock      984734343  5  2 Bc  kc    kc    kc         175   80    0 5c 8h
lock      984734392  5  1 Bc  k     kc    kc          95   60  130 Ac 4c
lock      984734422  5  5 c   c     c     c          165   70    0 4c 4d
lock      984734445  5  4 ccc c     k     c           95   60    0 Ac Td
lock      984734481  5  3 c   c     k     k           35   20    0 9h 2h
lock      984734502  5  2 Bk  cA    -     -           15   15   45 Kd 6s
lock      984734529  5  1 Bc  kc    kcA   -           45   45    0 Ts Ah
lock      984874313 10  4 c   k     k     b         1470   30  100 As 5s
lock      984874373 10  3 f   -     -     -         1540    0    0 
lock      984874440 10  2 Bc  kc    kc    kc        1540   70  215 Jd Jh
lock      984874486 10  1 Bc  k     k     KQ        1685   10    0 
lock      984998761  4  3 c   k     k     k         2005   10    0 6s 8s
lock      984998792  4  2 B   -     -     -         1995   10   15 
lock      984998797  4  1 Bf  -     -     -         2000    5    0 
lock      984998813  4  4 f   -     -     -         1995    0    0 
lock      984998827  4  3 f   -     -     -         1995    0    0 
lock      984998838  4  2 Bc  kf    -     -         1995   20    0 
lock      984998866  4  1 Bf  -     -     -         1975    5    0 
lock      984998886  4  4 f   -     -     -         1970    0    0 
lock      984998898  4  3 cc  f     -     -         1970   20    0 
lock      984998914  4  2 Bk  c     c     c         1950   60    0 Qc Qh
lock      984998936  4  1 Bc  k     k     k         1890   10   20 3c 4h
lock      984998959  4  4 c   k     k     c         1900   30    0 Qh 9c
lock      984998993  4  3 c   k     k     k         1870   10   35 5c 7h
lock      984999019  4  2 Bk  k     k     c         1895   30   35 Qc 8d
lock      984999046  4  1 Bc  k     kc    k         1900   50    0 Th Jh
lock      984999074  4  4 c   f     -     -         1850   20    0 
lock      984999099  5  3 cc  cc    k     k         1830   40   62 4d Kd
lock      984999142  6  2 Bc  c     c     c         1852   70    0 Ad 8s
lock      984999166  6  1 Bc  kc    kc    kf        1782   50    0 
lock      984999205  6  6 c   c     c     c         1732   70    0 Qc Js
lock      984999242  6  5 c   k     kf    -         1662   20    0 
lock      984999284  6  4 KQ  -     -     -         1642    0    0 
lock      985024731  6  6 f   -     -     -         1642    0    0 
lock      985024778  6  5 f   -     -     -         1642    0    0 
lock      985024821  6  4 c   k     k     k         1642   10   25 Qh Ac
lock      985024859  5  3 c   k     k     k         1657   10   30 Th 9c
lock      985024890  7  2 Bc  kf    -     -         1677   20    0 
lock      985024921  7  1 Bf  -     -     -         1657    5    0 
lock      985024930  7  7 f   -     -     -         1652    0    0 
lock      985024951  7  6 c   c     c     k         1652   50  170 9s 9c
lock      985025009  7  5 f   -     -     -         1772    0    0 
lock      985025038  6  4 f   -     -     -         1772    0    0 
lock      985025105  6  3 f   -     -     -         1772    0    0 
lock      985025137  6  2 Bf  -     -     -         1772   10    0 
lock      985025149  6  1 Bc  kc    k     k         1762   30   70 6h Ah
lock      985025189  6  6 c   c     c     k         1802   40    0 Ad 2d
lock      985025248  7  5 f   -     -     -         1762    0    0 
lock      985025330  7  4 cc  c     c     f         1762   60    0 
lock      985025382  7  3 f   -     -     -         1702    0    0 
lock      985025402  7  2 BKQ -     -     -         1702   10    0 
lock      985094788  5  4 f   -     -     -         1692    0    0 
lock      985094818  4  3 cc  k     k     kf        1692   20    0 
lock      985094873  3  2 Bc  c     f     -         1672   30    0 
lock      985094897  3  1 Bc  kf    -     -         1642   10    0 
lock      985094917  3  3 f   -     -     -         1632    0    0 
lock      985094944  3  2 Bc  cc    k     kc        1632   60  150 7h 7c
lock      985094984  4  1 Bc  kf    -     -         1722   10    0 
lock      985095032  5  5 f   -     -     -         1712    0    0 
lock      985095069  5  4 f   -     -     -         1712    0    0 
lock      985095093  5  3 c   c     c     f         1712   40    0 
lock      985095138  5  2 Bk  k     k     kf        1672   10    0 
lock      985095180  5  1 Bc  kc    kc    k         1662   50   60 7c As
lock      985095213  5  5 f   -     -     -         1672    0    0 
lock      985095272  5  4 f   -     -     -         1672    0    0 
lock      985095335  5  3 f   -     -     -         1672    0    0 
lock      985095359  5  2 Bk  kc    k     kc        1672   40    0 8h 3d
lock      985095398  5  1 Bc  kf    -     -         1632   20    0 
lock      985095457  5  5 c   c     f     -         1612   20    0 
lock      985095513  6  5 c   k     k     k         1592   10   30 5h 9h
lock      985095555  6  4 f   -     -     -         1612    0    0 
lock      985095589  6  3 cc  kc    kc    kcc       1612  110  178 Th Jd
lock      985095652  6  2 Bf  -     -     -         1680   10    0 
lock      985095703  6  1 Bc  kc    kf    -         1670   30    0 
lock      985095751  6  6 cc  k     k     c         1640   40    0 8s Ah
lock      985095793  5  4 fQ  -     -     -         1600    0    0 
lock      985151289  9  4 c   k     k     c         1600   30   37 7h 8h
lock      985151360  8  3 f   -     -     -         1607    0    0 
lock      985151476  9  2 Bk  kc    kc    kc        1607   60  113 4c Ac
lock      985151537 10  1 Bf  -     -     -         1660    5    0 
lock      985151576 10 10 c   rc    c     k         1655   70  180 Ah Qs
lock      985151671 10  9 cc  c     c     c         1765   70  145 Kd 2s
lock      985151728 10  8 cc  k     k     c         1840   40   90 Qh Tc
lock      985151801 10  7 f   -     -     -         1890    0    0 
lock      985151857 10  6 cc  c     c     k         1890   60    0 Ad 9d
lock      985151932 10  5 c   k     c     f         1830   30    0 
lock      985152031 10  4 f   -     Q     -         1800    0    0 
lock      985204004  4  2 Bk  k     k     kf        1800   10    0 
lock      985204051  4  1 Bc  k     kc    kc        1790   50  130 7d 6s
lock      985204084  4  4 f   -     -     -         1870    0    0 
lock      985204107  4  3 c   k     k     k         1870   10   30 Qs 8s
lock      985204146  4  2 Bk  kf    -     -         1890   10    0 
lock      985204166  4  1 Bf  -     -     -         1880    5    0 
lock      985204195  4  4 c   c     c     c         1875   60    0 9c Ks
lock      985204233  4  3 c   c     c     k         1815   40    0 9h Tc
lock      985204265  5  2 Bc  kc    kc    k         1775   50    0 Ah 5s
lock      985204291  5  1 Bf  -     -     -         1725    5    0 
lock      985204317  5  5 fQ  -     -     -         1720    0    0 
lock      985591849  7  4 f   -     -     -         1590    0    0 
lock      985591924  6  3 f   -     -     -         1590    0    0 
lock      985591974  6  2 Bk  k     k     k         1590   10   30 3d 8h
lock      985592009  6  1 Bc  kf    -     -         1610   10    0 
lock      985592032  6  6 c   k     c     k         1600   30   85 Ac 7s
lock      985592084  5  4 f   -     -     -         1655    0    0 
lock      985592144  7  4 c   k     k     k         1655   10   40 2d Jh
lock      985592223  7  3 c   c     k     k         1685   20    0 6h 4s
lock      985592260  7  2 Bc  kc    k     cf        1665   50    0 
lock      985592327  7  1 Bf  -     -     -         1615    5    0 
lock      985592374  7  7 c   k     k     c         1610   30   85 Qd Kd
lock      985592418  7  6 c   k     k     c         1665   30    0 As 9c
lock      985592462  7  5 cc  c     c     c         1635   70    0 6d Kc
lock      985592493  7  4 c   k     k     k         1565   10    0 Ac 5h
lock      985592535  7  3 f   -     -     -         1555    0    0 
lock      985592560  7  2 Bf  -     -     -         1555   10    0 
lock      985592622  7  1 Bf  -     -     -         1545    5    0 
lock      985592650  8  8 c   c     f     -         1540   20    0 
lock      985592746  7  6 c   f     -     -         1520   10    0 
lock      985592841  6  4 c   f     -     -         1510   10    0 
lock      985592943  6  3 f   -     -     -         1500    0    0 
lock      985592965  7  2 Bk  kf    -     -         1500   10    0 
lock      985593031  8  1 Bc  kf    -     -         1490   10    0 
lock      985593093  8  7 f   -     -     -         1480    0    0 
lock      985593150  8  6 f   -     -     -         1480    0    0 
lock      985593208  7  4 cc  kc    kc    k         1480   50    0 Kd Js
lock      985593263  8  4 fQ  -     -     -         1430    0    0 
lock      985712809  9  3 f   -     -     -         1430    0    0 
lock      985712929 10  2 Bc  c     c     c         1430   70  170 9c Kc
lock      985712974 10  1 Bf  Q     -     -         1530    5    0 
lock      985891238  9  3 f   -     -     -         1440    0    0 
lock      985891276  9  2 Bf  -     -     -         1440   10    0 
lock      985891339  9  1 Bc  kc    k     k         1430   30    0 Qd 6h
lock      985891416  8  8 f   -     -     -         1400    0    0 
lock      985891453  8  7 f   -     -     -         1400    0    0 
lock      985891536  8  6 f   -     -     -         1400    0    0 
lock      985891589  7  4 f   -     -     -         1400    0    0 
lock      985891632  7  3 c   k     k     k         1400   10   30 Jh Kh
lock      985891666  7  2 Bc  kcc   k     k         1420   50    0 Ks 7s
lock      985891754  7  1 Bf  -     -     -         1370    5    0 
lock      985891803  7  7 c   f     -     -         1365   10    0 
lock      985891862  7  6 f   -     -     -         1355    0    0 
lock      985891884  8  5 ccc kcc   kcc   kc        1355  180    0 Js Kh
lock      985891979  8  3 Q   -     -     -         1175    0    0 
